{
  "version": 4,
  "terraform_version": "0.12.3",
  "serial": 19,
  "lineage": "e4c6da33-6f53-9321-f1ce-5590b018a5ec",
  "outputs": {
    "vpc_id": {
      "value": "vpc-005422a5c02c65048",
      "type": "string"
    },
    "vpc_private_sg_id": {
      "value": "sg-01bc15d7f9b61c249",
      "type": "string"
    },
    "vpc_private_sn_id": {
      "value": "subnet-00add14f54be3b0e1",
      "type": "string"
    },
    "vpc_public_sg_id": {
      "value": "sg-0f7ede0cf48f2b85b",
      "type": "string"
    },
    "vpc_public_sn_id": {
      "value": "subnet-07289b8e261f99b4c",
      "type": "string"
    },
    "vpc_region": {
      "value": "us-east-1",
      "type": "string"
    }
  },
  "resources": [
    {
      "mode": "managed",
      "type": "aws_internet_gateway",
      "name": "dev_ig",
      "provider": "provider.aws",
      "instances": [
        {
          "schema_version": 0,
          "attributes": {
            "id": "igw-0441d73730a8fbbbd",
            "owner_id": "174459114634",
            "tags": {
              "Name": "operationsaasgateway"
            },
            "vpc_id": "vpc-005422a5c02c65048"
          },
          "private": "bnVsbA==",
          "depends_on": [
            "aws_vpc.vpc_name"
          ]
        }
      ]
    },
    {
      "mode": "managed",
      "type": "aws_route_table",
      "name": "vpc_public_sn_rt",
      "provider": "provider.aws",
      "instances": [
        {
          "schema_version": 0,
          "attributes": {
            "id": "rtb-0d36845b781e13ee5",
            "owner_id": "174459114634",
            "propagating_vgws": [],
            "route": [
              {
                "cidr_block": "0.0.0.0/0",
                "egress_only_gateway_id": "",
                "gateway_id": "igw-0441d73730a8fbbbd",
                "instance_id": "",
                "ipv6_cidr_block": "",
                "nat_gateway_id": "",
                "network_interface_id": "",
                "transit_gateway_id": "",
                "vpc_peering_connection_id": ""
              }
            ],
            "tags": {
              "Name": "operationsaasrt"
            },
            "vpc_id": "vpc-005422a5c02c65048"
          },
          "private": "bnVsbA==",
          "depends_on": [
            "aws_internet_gateway.dev_ig",
            "aws_vpc.vpc_name"
          ]
        }
      ]
    },
    {
      "mode": "managed",
      "type": "aws_route_table_association",
      "name": "vpc_public_sn_rt_assn",
      "provider": "provider.aws",
      "instances": [
        {
          "schema_version": 0,
          "attributes": {
            "id": "rtbassoc-0a501cb24f1cf0fb8",
            "route_table_id": "rtb-0d36845b781e13ee5",
            "subnet_id": "subnet-07289b8e261f99b4c"
          },
          "private": "bnVsbA==",
          "depends_on": [
            "aws_route_table.vpc_public_sn_rt",
            "aws_subnet.vpc_public_sn"
          ]
        }
      ]
    },
    {
      "mode": "managed",
      "type": "aws_security_group",
      "name": "vpc_private_sg",
      "provider": "provider.aws",
      "instances": [
        {
          "schema_version": 1,
          "attributes": {
            "arn": "arn:aws:ec2:us-east-1:174459114634:security-group/sg-01bc15d7f9b61c249",
            "description": "dev security group to access private ports",
            "egress": [
              {
                "cidr_blocks": [
                  "0.0.0.0/0"
                ],
                "description": "",
                "from_port": 0,
                "ipv6_cidr_blocks": [],
                "prefix_list_ids": [],
                "protocol": "-1",
                "security_groups": [],
                "self": false,
                "to_port": 0
              }
            ],
            "id": "sg-01bc15d7f9b61c249",
            "ingress": [
              {
                "cidr_blocks": [
                  "10.194.10.0/24"
                ],
                "description": "",
                "from_port": 11211,
                "ipv6_cidr_blocks": [],
                "prefix_list_ids": [],
                "protocol": "tcp",
                "security_groups": [],
                "self": false,
                "to_port": 11211
              },
              {
                "cidr_blocks": [
                  "10.194.10.0/24"
                ],
                "description": "",
                "from_port": 3306,
                "ipv6_cidr_blocks": [],
                "prefix_list_ids": [],
                "protocol": "tcp",
                "security_groups": [],
                "self": false,
                "to_port": 3306
              }
            ],
            "name": "dev_private_sg",
            "name_prefix": null,
            "owner_id": "174459114634",
            "revoke_rules_on_delete": false,
            "tags": {
              "Name": "operationsaaseg"
            },
            "timeouts": null,
            "vpc_id": "vpc-005422a5c02c65048"
          },
          "private": "eyJlMmJmYjczMC1lY2FhLTExZTYtOGY4OC0zNDM2M2JjN2M0YzAiOnsiY3JlYXRlIjo2MDAwMDAwMDAwMDAsImRlbGV0ZSI6NjAwMDAwMDAwMDAwfSwic2NoZW1hX3ZlcnNpb24iOiIxIn0=",
          "depends_on": [
            "aws_vpc.vpc_name"
          ]
        }
      ]
    },
    {
      "mode": "managed",
      "type": "aws_security_group",
      "name": "vpc_public_sg",
      "provider": "provider.aws",
      "instances": [
        {
          "schema_version": 1,
          "attributes": {
            "arn": "arn:aws:ec2:us-east-1:174459114634:security-group/sg-0f7ede0cf48f2b85b",
            "description": "dev public access security group",
            "egress": [
              {
                "cidr_blocks": [
                  "0.0.0.0/0"
                ],
                "description": "",
                "from_port": 0,
                "ipv6_cidr_blocks": [],
                "prefix_list_ids": [],
                "protocol": "-1",
                "security_groups": [],
                "self": false,
                "to_port": 0
              }
            ],
            "id": "sg-0f7ede0cf48f2b85b",
            "ingress": [
              {
                "cidr_blocks": [
                  "0.0.0.0/0"
                ],
                "description": "",
                "from_port": 22,
                "ipv6_cidr_blocks": [],
                "prefix_list_ids": [],
                "protocol": "tcp",
                "security_groups": [],
                "self": false,
                "to_port": 22
              },
              {
                "cidr_blocks": [
                  "10.194.10.0/24"
                ],
                "description": "",
                "from_port": 0,
                "ipv6_cidr_blocks": [],
                "prefix_list_ids": [],
                "protocol": "tcp",
                "security_groups": [],
                "self": false,
                "to_port": 0
              }
            ],
            "name": "dev_pubic_sg",
            "name_prefix": null,
            "owner_id": "174459114634",
            "revoke_rules_on_delete": false,
            "tags": {
              "Name": "operationsaaseg"
            },
            "timeouts": null,
            "vpc_id": "vpc-005422a5c02c65048"
          },
          "private": "eyJlMmJmYjczMC1lY2FhLTExZTYtOGY4OC0zNDM2M2JjN2M0YzAiOnsiY3JlYXRlIjo2MDAwMDAwMDAwMDAsImRlbGV0ZSI6NjAwMDAwMDAwMDAwfSwic2NoZW1hX3ZlcnNpb24iOiIxIn0=",
          "depends_on": [
            "aws_vpc.vpc_name"
          ]
        }
      ]
    },
    {
      "mode": "managed",
      "type": "aws_subnet",
      "name": "vpc_private_sn",
      "provider": "provider.aws",
      "instances": [
        {
          "schema_version": 1,
          "attributes": {
            "arn": "arn:aws:ec2:us-east-1:174459114634:subnet/subnet-00add14f54be3b0e1",
            "assign_ipv6_address_on_creation": false,
            "availability_zone": "us-east-1f",
            "availability_zone_id": "use1-az5",
            "cidr_block": "10.194.20.0/24",
            "id": "subnet-00add14f54be3b0e1",
            "ipv6_cidr_block": "",
            "ipv6_cidr_block_association_id": "",
            "map_public_ip_on_launch": false,
            "owner_id": "174459114634",
            "tags": {
              "Name": "OperationsaasPrivateSubnet"
            },
            "timeouts": null,
            "vpc_id": "vpc-005422a5c02c65048"
          },
          "private": "eyJlMmJmYjczMC1lY2FhLTExZTYtOGY4OC0zNDM2M2JjN2M0YzAiOnsiY3JlYXRlIjo2MDAwMDAwMDAwMDAsImRlbGV0ZSI6MTIwMDAwMDAwMDAwMH0sInNjaGVtYV92ZXJzaW9uIjoiMSJ9",
          "depends_on": [
            "aws_vpc.vpc_name"
          ]
        }
      ]
    },
    {
      "mode": "managed",
      "type": "aws_subnet",
      "name": "vpc_public_sn",
      "provider": "provider.aws",
      "instances": [
        {
          "schema_version": 1,
          "attributes": {
            "arn": "arn:aws:ec2:us-east-1:174459114634:subnet/subnet-07289b8e261f99b4c",
            "assign_ipv6_address_on_creation": false,
            "availability_zone": "us-east-1b",
            "availability_zone_id": "use1-az4",
            "cidr_block": "10.194.10.0/24",
            "id": "subnet-07289b8e261f99b4c",
            "ipv6_cidr_block": "",
            "ipv6_cidr_block_association_id": "",
            "map_public_ip_on_launch": false,
            "owner_id": "174459114634",
            "tags": {
              "Name": "OperationsaasPublicSubnet"
            },
            "timeouts": null,
            "vpc_id": "vpc-005422a5c02c65048"
          },
          "private": "eyJlMmJmYjczMC1lY2FhLTExZTYtOGY4OC0zNDM2M2JjN2M0YzAiOnsiY3JlYXRlIjo2MDAwMDAwMDAwMDAsImRlbGV0ZSI6MTIwMDAwMDAwMDAwMH0sInNjaGVtYV92ZXJzaW9uIjoiMSJ9",
          "depends_on": [
            "aws_vpc.vpc_name"
          ]
        }
      ]
    },
    {
      "mode": "managed",
      "type": "aws_vpc",
      "name": "vpc_name",
      "provider": "provider.aws",
      "instances": [
        {
          "schema_version": 1,
          "attributes": {
            "arn": "arn:aws:ec2:us-east-1:174459114634:vpc/vpc-005422a5c02c65048",
            "assign_generated_ipv6_cidr_block": false,
            "cidr_block": "10.194.0.0/16",
            "default_network_acl_id": "acl-0329d3631974facca",
            "default_route_table_id": "rtb-0be1ed2a04571d3cb",
            "default_security_group_id": "sg-09129ad200231ba8d",
            "dhcp_options_id": "dopt-821989fa",
            "enable_classiclink": false,
            "enable_classiclink_dns_support": false,
            "enable_dns_hostnames": false,
            "enable_dns_support": true,
            "id": "vpc-005422a5c02c65048",
            "instance_tenancy": "default",
            "ipv6_association_id": "",
            "ipv6_cidr_block": "",
            "main_route_table_id": "rtb-0be1ed2a04571d3cb",
            "owner_id": "174459114634",
            "tags": {
              "Name": "OperationsaasVPC"
            }
          },
          "private": "eyJzY2hlbWFfdmVyc2lvbiI6IjEifQ=="
        }
      ]
    }
  ]
}
